
Microsoft Visual Studio Solution File, Format Version 12.00
# Visual Studio Version 17
VisualStudioVersion = 17.3.32819.101
MinimumVisualStudioVersion = 10.0.40219.1
Project("{FAE04EC0-301F-11D3-BF4B-00C04F79EFBC}") = "DataAccess", "DataAccess.csproj", "{BE6D2A40-2E26-4FA7-9C49-88DA8711928A}"
EndProject
Global
	GlobalSection(SolutionConfigurationPlatforms) = preSolution
		Debug|Any CPU = Debug|Any CPU
		Release|Any CPU = Release|Any CPU
	EndGlobalSection
	GlobalSection(ProjectConfigurationPlatforms) = postSolution
		{BE6D2A40-2E26-4FA7-9C49-88DA8711928A}.Debug|Any CPU.ActiveCfg = Debug|Any CPU
		{BE6D2A40-2E26-4FA7-9C49-88DA8711928A}.Debug|Any CPU.Build.0 = Debug|Any CPU
		{BE6D2A40-2E26-4FA7-9C49-88DA8711928A}.Release|Any CPU.ActiveCfg = Release|Any CPU
		{BE6D2A40-2E26-4FA7-9C49-88DA8711928A}.Release|Any CPU.Build.0 = Release|Any CPU
	EndGlobalSection
	GlobalSection(SolutionProperties) = preSolution
		HideSolutionNode = FALSE
	EndGlobalSection
	GlobalSection(ExtensibilityGlobals) = postSolution
		SolutionGuid = {E3235ACF-3CA8-4C0D-A8CB-126E123DD05B}
	EndGlobalSection
EndGlobal
